{
  "nodes": {
    "cuda-packages": {
      "inputs": {
        "flake-parts": [
          "flake-parts"
        ],
        "git-hooks-nix": [
          "git-hooks-nix"
        ],
        "nixpkgs": [
          "nixpkgs"
        ],
        "nixpkgs-24_11": [
          "nixpkgs-stable"
        ],
        "treefmt-nix": [
          "treefmt-nix"
        ]
      },
      "locked": {
        "lastModified": 1737240871,
        "narHash": "sha256-fjIpPiNNKq1ccDNovcn45J+12ibYlOqU4By5bGTITPs=",
        "owner": "ConnorBaker",
        "repo": "cuda-packages",
        "rev": "c5a29dc673b104e7e5d2fcb92a504492c47d1bba",
        "type": "github"
      },
      "original": {
        "owner": "ConnorBaker",
        "repo": "cuda-packages",
        "type": "github"
      }
    },
    "flake-compat": {
      "flake": false,
      "locked": {
        "lastModified": 1696426674,
        "narHash": "sha256-kvjfFW7WAETZlt09AgDn1MrtKzP7t90Vf7vypd3OL1U=",
        "owner": "edolstra",
        "repo": "flake-compat",
        "rev": "0f9255e01c2351cc7d116c072cb317785dd33b33",
        "type": "github"
      },
      "original": {
        "owner": "edolstra",
        "repo": "flake-compat",
        "type": "github"
      }
    },
    "flake-parts": {
      "inputs": {
        "nixpkgs-lib": [
          "lib-aggregate"
        ]
      },
      "locked": {
        "lastModified": 1736143030,
        "narHash": "sha256-+hu54pAoLDEZT9pjHlqL9DNzWz0NbUn8NEAHP7PQPzU=",
        "rev": "b905f6fc23a9051a6e1b741e1438dbfc0634c6de",
        "revCount": 356,
        "type": "tarball",
        "url": "https://api.flakehub.com/f/pinned/hercules-ci/flake-parts/0.1.356%2Brev-b905f6fc23a9051a6e1b741e1438dbfc0634c6de/01943cb0-d524-7f7e-ac2d-1706fba8cfcf/source.tar.gz"
      },
      "original": {
        "type": "tarball",
        "url": "https://flakehub.com/f/hercules-ci/flake-parts/0.1.350.tar.gz"
      }
    },
    "flake-utils": {
      "inputs": {
        "systems": "systems"
      },
      "locked": {
        "lastModified": 1731533236,
        "narHash": "sha256-l0KFg5HjrsfsO/JpG+r7fRrqm12kzFHyUHqHCVpMMbI=",
        "owner": "numtide",
        "repo": "flake-utils",
        "rev": "11707dc2f618dd54ca8739b309ec4fc024de578b",
        "type": "github"
      },
      "original": {
        "owner": "numtide",
        "repo": "flake-utils",
        "type": "github"
      }
    },
    "git-hooks-nix": {
      "inputs": {
        "flake-compat": "flake-compat",
        "gitignore": "gitignore",
        "nixpkgs": [
          "nixpkgs"
        ]
      },
      "locked": {
        "lastModified": 1737043064,
        "narHash": "sha256-I/OuxGwXwRi5gnFPsyCvVR+IfFstA+QXEpHu1hvsgD8=",
        "rev": "94ee657f6032d913fe0ef49adaa743804635b0bb",
        "revCount": 958,
        "type": "tarball",
        "url": "https://api.flakehub.com/f/pinned/cachix/git-hooks.nix/0.1.958%2Brev-94ee657f6032d913fe0ef49adaa743804635b0bb/0194702f-75b1-754d-8dc8-f488cd25c02b/source.tar.gz"
      },
      "original": {
        "type": "tarball",
        "url": "https://flakehub.com/f/cachix/git-hooks.nix/0.1.958.tar.gz"
      }
    },
    "gitignore": {
      "inputs": {
        "nixpkgs": [
          "git-hooks-nix",
          "nixpkgs"
        ]
      },
      "locked": {
        "lastModified": 1709087332,
        "narHash": "sha256-HG2cCnktfHsKV0s4XW83gU3F57gaTljL9KNSuG6bnQs=",
        "owner": "hercules-ci",
        "repo": "gitignore.nix",
        "rev": "637db329424fd7e46cf4185293b9cc8c88c95394",
        "type": "github"
      },
      "original": {
        "owner": "hercules-ci",
        "repo": "gitignore.nix",
        "type": "github"
      }
    },
    "lib-aggregate": {
      "inputs": {
        "flake-utils": "flake-utils",
        "nixpkgs-lib": "nixpkgs-lib"
      },
      "locked": {
        "lastModified": 1736684024,
        "narHash": "sha256-FYJ4iFD/2L1CFN/aHjI8HxxSxuPNy4OvW+VCBh41Lzk=",
        "owner": "nix-community",
        "repo": "lib-aggregate",
        "rev": "917882a0186d7731a61ede986c701e272f744750",
        "type": "github"
      },
      "original": {
        "owner": "nix-community",
        "repo": "lib-aggregate",
        "type": "github"
      }
    },
    "nixpkgs": {
      "locked": {
        "lastModified": 1737062831,
        "narHash": "sha256-Tbk1MZbtV2s5aG+iM99U8FqwxU/YNArMcWAv6clcsBc=",
        "rev": "5df43628fdf08d642be8ba5b3625a6c70731c19c",
        "revCount": 738982,
        "type": "tarball",
        "url": "https://api.flakehub.com/f/pinned/NixOS/nixpkgs/0.1.738982%2Brev-5df43628fdf08d642be8ba5b3625a6c70731c19c/01947627-561b-7a9f-a379-f9ac4c680cb0/source.tar.gz"
      },
      "original": {
        "type": "tarball",
        "url": "https://flakehub.com/f/NixOS/nixpkgs/0.1.%2A.tar.gz"
      }
    },
    "nixpkgs-lib": {
      "locked": {
        "lastModified": 1736643958,
        "narHash": "sha256-tmpqTSWVRJVhpvfSN9KXBvKEXplrwKnSZNAoNPf/S/s=",
        "owner": "nix-community",
        "repo": "nixpkgs.lib",
        "rev": "1418bc28a52126761c02dd3d89b2d8ca0f521181",
        "type": "github"
      },
      "original": {
        "owner": "nix-community",
        "repo": "nixpkgs.lib",
        "type": "github"
      }
    },
    "nixpkgs-stable": {
      "locked": {
        "lastModified": 1737165118,
        "narHash": "sha256-s40Kk/OulP3J/1JvC3VT16U4r/Xw6Qdi7SRw3LYkPWs=",
        "rev": "6a3ae7a5a12fb8cac2d59d7df7cbd95f9b2f0566",
        "revCount": 713321,
        "type": "tarball",
        "url": "https://api.flakehub.com/f/pinned/NixOS/nixpkgs/0.2411.713321%2Brev-6a3ae7a5a12fb8cac2d59d7df7cbd95f9b2f0566/01947ac7-476d-75fc-b5af-82768d051cfc/source.tar.gz"
      },
      "original": {
        "type": "tarball",
        "url": "https://flakehub.com/f/NixOS/nixpkgs/0.2411.%2A.tar.gz"
      }
    },
    "root": {
      "inputs": {
        "cuda-packages": "cuda-packages",
        "flake-parts": "flake-parts",
        "git-hooks-nix": "git-hooks-nix",
        "lib-aggregate": "lib-aggregate",
        "nixpkgs": "nixpkgs",
        "nixpkgs-stable": "nixpkgs-stable",
        "treefmt-nix": "treefmt-nix"
      }
    },
    "systems": {
      "locked": {
        "lastModified": 1681028828,
        "narHash": "sha256-Vy1rq5AaRuLzOxct8nz4T6wlgyUR7zLU309k9mBC768=",
        "owner": "nix-systems",
        "repo": "default",
        "rev": "da67096a3b9bf56a91d16901293e51ba5b49a27e",
        "type": "github"
      },
      "original": {
        "owner": "nix-systems",
        "repo": "default",
        "type": "github"
      }
    },
    "treefmt-nix": {
      "inputs": {
        "nixpkgs": [
          "nixpkgs"
        ]
      },
      "locked": {
        "lastModified": 1737103437,
        "narHash": "sha256-uPNWcYbhY2fjY3HOfRCR5jsfzdzemhfxLSxwjXYXqNc=",
        "owner": "numtide",
        "repo": "treefmt-nix",
        "rev": "d1ed3b385f8130e392870cfb1dbfaff8a63a1899",
        "type": "github"
      },
      "original": {
        "owner": "numtide",
        "repo": "treefmt-nix",
        "type": "github"
      }
    }
  },
  "root": "root",
  "version": 7
}
